
Microsoft Visual Studio Solution File, Format Version 12.00
# Visual Studio Version 16
VisualStudioVersion = 16.0.29123.88
MinimumVisualStudioVersion = 10.0.40219.1
Project("{FAE04EC0-301F-11D3-BF4B-00C04F79EFBC}") = "Laba3TestsTriangle", "Laba3TestsTriangle.csproj", "{4EFE48B0-B495-4EDA-B078-2895546290F1}"
EndProject
Project("{FAE04EC0-301F-11D3-BF4B-00C04F79EFBC}") = "Laba3TestsTriangleLib", "..\Laba3TestsTriangleLib\Laba3TestsTriangleLib.csproj", "{F2EE0721-D779-4C5F-BE3E-C3B2FA9554B6}"
EndProject
Global
	GlobalSection(SolutionConfigurationPlatforms) = preSolution
		Debug|Any CPU = Debug|Any CPU
		Release|Any CPU = Release|Any CPU
	EndGlobalSection
	GlobalSection(ProjectConfigurationPlatforms) = postSolution
		{4EFE48B0-B495-4EDA-B078-2895546290F1}.Debug|Any CPU.ActiveCfg = Debug|Any CPU
		{4EFE48B0-B495-4EDA-B078-2895546290F1}.Debug|Any CPU.Build.0 = Debug|Any CPU
		{4EFE48B0-B495-4EDA-B078-2895546290F1}.Release|Any CPU.ActiveCfg = Release|Any CPU
		{4EFE48B0-B495-4EDA-B078-2895546290F1}.Release|Any CPU.Build.0 = Release|Any CPU
		{F2EE0721-D779-4C5F-BE3E-C3B2FA9554B6}.Debug|Any CPU.ActiveCfg = Debug|Any CPU
		{F2EE0721-D779-4C5F-BE3E-C3B2FA9554B6}.Debug|Any CPU.Build.0 = Debug|Any CPU
		{F2EE0721-D779-4C5F-BE3E-C3B2FA9554B6}.Release|Any CPU.ActiveCfg = Release|Any CPU
		{F2EE0721-D779-4C5F-BE3E-C3B2FA9554B6}.Release|Any CPU.Build.0 = Release|Any CPU
	EndGlobalSection
	GlobalSection(SolutionProperties) = preSolution
		HideSolutionNode = FALSE
	EndGlobalSection
	GlobalSection(ExtensibilityGlobals) = postSolution
		SolutionGuid = {235027CB-7D38-4526-9CA8-9BAC3BAF3859}
	EndGlobalSection
EndGlobal
